// !$*UTF8*$!
{
	archiveVersion = 1;
	classes = {
	};
	objectVersion = 51;
	objects = {

/* Begin PBXBuildFile section */
		A23A22FE5AE3ADD66DF39D28 /* Pods_TestRecipes.framework in Frameworks */ = {isa = PBXBuildFile; fileRef = 1E8826389C850F6856F8B060 /* Pods_TestRecipes.framework */; };
		D1D402DD0D241CBF03AA1535 /* Pods_TestRecipesTests.framework in Frameworks */ = {isa = PBXBuildFile; fileRef = E09107CB9E5D13A191F402F1 /* Pods_TestRecipesTests.framework */; };
		EE1BC29422C23CF500DD8D5F /* AppDelegate.swift in Sources */ = {isa = PBXBuildFile; fileRef = EE1BC29322C23CF500DD8D5F /* AppDelegate.swift */; };
		EE1BC29622C23CF500DD8D5F /* ListRecipesViewController.swift in Sources */ = {isa = PBXBuildFile; fileRef = EE1BC29522C23CF500DD8D5F /* ListRecipesViewController.swift */; };
		EE1BC29B22C23CF700DD8D5F /* Assets.xcassets in Resources */ = {isa = PBXBuildFile; fileRef = EE1BC29A22C23CF700DD8D5F /* Assets.xcassets */; };
		EE1BC29E22C23CF700DD8D5F /* LaunchScreen.storyboard in Resources */ = {isa = PBXBuildFile; fileRef = EE1BC29C22C23CF700DD8D5F /* LaunchScreen.storyboard */; };
		EE1BC2A922C23CF800DD8D5F /* TestRecipesTests.swift in Sources */ = {isa = PBXBuildFile; fileRef = EE1BC2A822C23CF800DD8D5F /* TestRecipesTests.swift */; };
		EE1BC2B522C23DF400DD8D5F /* Recipe.swift in Sources */ = {isa = PBXBuildFile; fileRef = EE1BC2B422C23DF400DD8D5F /* Recipe.swift */; };
		EE1BC2B822C23F7D00DD8D5F /* NetworkService.swift in Sources */ = {isa = PBXBuildFile; fileRef = EE1BC2B722C23F7D00DD8D5F /* NetworkService.swift */; };
		EE1BC2BA22C23FB600DD8D5F /* Router.swift in Sources */ = {isa = PBXBuildFile; fileRef = EE1BC2B922C23FB600DD8D5F /* Router.swift */; };
		EE1BC2BC22C241B000DD8D5F /* RecipesApi.swift in Sources */ = {isa = PBXBuildFile; fileRef = EE1BC2BB22C241B000DD8D5F /* RecipesApi.swift */; };
		EE1BC2CF22C2589300DD8D5F /* Main.swift in Sources */ = {isa = PBXBuildFile; fileRef = EE1BC2CE22C2589300DD8D5F /* Main.swift */; };
		EE1BC2D122C258F000DD8D5F /* GlobalVariables.swift in Sources */ = {isa = PBXBuildFile; fileRef = EE1BC2D022C258F000DD8D5F /* GlobalVariables.swift */; };
		EE1BC2D322C2594800DD8D5F /* ViewControllers.swift in Sources */ = {isa = PBXBuildFile; fileRef = EE1BC2D222C2594800DD8D5F /* ViewControllers.swift */; };
		EE1BC2D522C25A4700DD8D5F /* ListRecipes.storyboard in Resources */ = {isa = PBXBuildFile; fileRef = EE1BC2D422C25A4700DD8D5F /* ListRecipes.storyboard */; };
		EE1BC2DA22C25BF100DD8D5F /* RecipeCollectionViewCell.swift in Sources */ = {isa = PBXBuildFile; fileRef = EE1BC2D822C25BF100DD8D5F /* RecipeCollectionViewCell.swift */; };
		EE1BC2DB22C25BF100DD8D5F /* RecipeCollectionViewCell.xib in Resources */ = {isa = PBXBuildFile; fileRef = EE1BC2D922C25BF100DD8D5F /* RecipeCollectionViewCell.xib */; };
		EE733C7722C26FF500C7B624 /* Cache.swift in Sources */ = {isa = PBXBuildFile; fileRef = EE733C7622C26FF500C7B624 /* Cache.swift */; };
		EE733C7922C2A4F100C7B624 /* DataStore.swift in Sources */ = {isa = PBXBuildFile; fileRef = EE733C7822C2A4F100C7B624 /* DataStore.swift */; };
		EE733C7B22C2A59900C7B624 /* Array + safe.swift in Sources */ = {isa = PBXBuildFile; fileRef = EE733C7A22C2A59900C7B624 /* Array + safe.swift */; };
		EE733C7E22C2C0F200C7B624 /* DetailsRecipe.storyboard in Resources */ = {isa = PBXBuildFile; fileRef = EE733C7D22C2C0F200C7B624 /* DetailsRecipe.storyboard */; };
		EE733C8022C2C12E00C7B624 /* DetailsViewController.swift in Sources */ = {isa = PBXBuildFile; fileRef = EE733C7F22C2C12E00C7B624 /* DetailsViewController.swift */; };
		EE733C8222C2C17100C7B624 /* Configurable.swift in Sources */ = {isa = PBXBuildFile; fileRef = EE733C8122C2C17100C7B624 /* Configurable.swift */; };
		EE733C8422C2C43E00C7B624 /* StoryboardName.swift in Sources */ = {isa = PBXBuildFile; fileRef = EE733C8322C2C43E00C7B624 /* StoryboardName.swift */; };
		EE733C8622C2C9EB00C7B624 /* UIViewController + push.swift in Sources */ = {isa = PBXBuildFile; fileRef = EE733C8522C2C9EB00C7B624 /* UIViewController + push.swift */; };
/* End PBXBuildFile section */

/* Begin PBXContainerItemProxy section */
		EE1BC2A522C23CF800DD8D5F /* PBXContainerItemProxy */ = {
			isa = PBXContainerItemProxy;
			containerPortal = EE1BC28822C23CF500DD8D5F /* Project object */;
			proxyType = 1;
			remoteGlobalIDString = EE1BC28F22C23CF500DD8D5F;
			remoteInfo = TestRecipes;
		};
/* End PBXContainerItemProxy section */

/* Begin PBXFileReference section */
		1E8826389C850F6856F8B060 /* Pods_TestRecipes.framework */ = {isa = PBXFileReference; explicitFileType = wrapper.framework; includeInIndex = 0; path = Pods_TestRecipes.framework; sourceTree = BUILT_PRODUCTS_DIR; };
		2CA72285038E3D378E524133 /* Pods-TestRecipesTests.release.xcconfig */ = {isa = PBXFileReference; includeInIndex = 1; lastKnownFileType = text.xcconfig; name = "Pods-TestRecipesTests.release.xcconfig"; path = "Target Support Files/Pods-TestRecipesTests/Pods-TestRecipesTests.release.xcconfig"; sourceTree = "<group>"; };
		64E527A189F6FB044F8D55E4 /* Pods-TestRecipes.debug.xcconfig */ = {isa = PBXFileReference; includeInIndex = 1; lastKnownFileType = text.xcconfig; name = "Pods-TestRecipes.debug.xcconfig"; path = "Target Support Files/Pods-TestRecipes/Pods-TestRecipes.debug.xcconfig"; sourceTree = "<group>"; };
		97AC6FBF3A4180DE46F09A61 /* Pods-TestRecipesTests.debug.xcconfig */ = {isa = PBXFileReference; includeInIndex = 1; lastKnownFileType = text.xcconfig; name = "Pods-TestRecipesTests.debug.xcconfig"; path = "Target Support Files/Pods-TestRecipesTests/Pods-TestRecipesTests.debug.xcconfig"; sourceTree = "<group>"; };
		D8594A74CA19B1886EF84925 /* Pods-TestRecipes.release.xcconfig */ = {isa = PBXFileReference; includeInIndex = 1; lastKnownFileType = text.xcconfig; name = "Pods-TestRecipes.release.xcconfig"; path = "Target Support Files/Pods-TestRecipes/Pods-TestRecipes.release.xcconfig"; sourceTree = "<group>"; };
		E09107CB9E5D13A191F402F1 /* Pods_TestRecipesTests.framework */ = {isa = PBXFileReference; explicitFileType = wrapper.framework; includeInIndex = 0; path = Pods_TestRecipesTests.framework; sourceTree = BUILT_PRODUCTS_DIR; };
		EE1BC29022C23CF500DD8D5F /* TestRecipes.app */ = {isa = PBXFileReference; explicitFileType = wrapper.application; includeInIndex = 0; path = TestRecipes.app; sourceTree = BUILT_PRODUCTS_DIR; };
		EE1BC29322C23CF500DD8D5F /* AppDelegate.swift */ = {isa = PBXFileReference; lastKnownFileType = sourcecode.swift; path = AppDelegate.swift; sourceTree = "<group>"; };
		EE1BC29522C23CF500DD8D5F /* ListRecipesViewController.swift */ = {isa = PBXFileReference; lastKnownFileType = sourcecode.swift; path = ListRecipesViewController.swift; sourceTree = "<group>"; };
		EE1BC29A22C23CF700DD8D5F /* Assets.xcassets */ = {isa = PBXFileReference; lastKnownFileType = folder.assetcatalog; path = Assets.xcassets; sourceTree = "<group>"; };
		EE1BC29D22C23CF700DD8D5F /* Base */ = {isa = PBXFileReference; lastKnownFileType = file.storyboard; name = Base; path = Base.lproj/LaunchScreen.storyboard; sourceTree = "<group>"; };
		EE1BC29F22C23CF700DD8D5F /* Info.plist */ = {isa = PBXFileReference; lastKnownFileType = text.plist.xml; path = Info.plist; sourceTree = "<group>"; };
		EE1BC2A422C23CF800DD8D5F /* TestRecipesTests.xctest */ = {isa = PBXFileReference; explicitFileType = wrapper.cfbundle; includeInIndex = 0; path = TestRecipesTests.xctest; sourceTree = BUILT_PRODUCTS_DIR; };
		EE1BC2A822C23CF800DD8D5F /* TestRecipesTests.swift */ = {isa = PBXFileReference; lastKnownFileType = sourcecode.swift; path = TestRecipesTests.swift; sourceTree = "<group>"; };
		EE1BC2AA22C23CF800DD8D5F /* Info.plist */ = {isa = PBXFileReference; lastKnownFileType = text.plist.xml; path = Info.plist; sourceTree = "<group>"; };
		EE1BC2B422C23DF400DD8D5F /* Recipe.swift */ = {isa = PBXFileReference; lastKnownFileType = sourcecode.swift; path = Recipe.swift; sourceTree = "<group>"; };
		EE1BC2B722C23F7D00DD8D5F /* NetworkService.swift */ = {isa = PBXFileReference; lastKnownFileType = sourcecode.swift; path = NetworkService.swift; sourceTree = "<group>"; };
		EE1BC2B922C23FB600DD8D5F /* Router.swift */ = {isa = PBXFileReference; lastKnownFileType = sourcecode.swift; path = Router.swift; sourceTree = "<group>"; };
		EE1BC2BB22C241B000DD8D5F /* RecipesApi.swift */ = {isa = PBXFileReference; lastKnownFileType = sourcecode.swift; path = RecipesApi.swift; sourceTree = "<group>"; };
		EE1BC2CE22C2589300DD8D5F /* Main.swift */ = {isa = PBXFileReference; lastKnownFileType = sourcecode.swift; path = Main.swift; sourceTree = "<group>"; };
		EE1BC2D022C258F000DD8D5F /* GlobalVariables.swift */ = {isa = PBXFileReference; lastKnownFileType = sourcecode.swift; path = GlobalVariables.swift; sourceTree = "<group>"; };
		EE1BC2D222C2594800DD8D5F /* ViewControllers.swift */ = {isa = PBXFileReference; lastKnownFileType = sourcecode.swift; path = ViewControllers.swift; sourceTree = "<group>"; };
		EE1BC2D422C25A4700DD8D5F /* ListRecipes.storyboard */ = {isa = PBXFileReference; lastKnownFileType = file.storyboard; path = ListRecipes.storyboard; sourceTree = "<group>"; };
		EE1BC2D822C25BF100DD8D5F /* RecipeCollectionViewCell.swift */ = {isa = PBXFileReference; lastKnownFileType = sourcecode.swift; path = RecipeCollectionViewCell.swift; sourceTree = "<group>"; };
		EE1BC2D922C25BF100DD8D5F /* RecipeCollectionViewCell.xib */ = {isa = PBXFileReference; lastKnownFileType = file.xib; path = RecipeCollectionViewCell.xib; sourceTree = "<group>"; };
		EE733C7622C26FF500C7B624 /* Cache.swift */ = {isa = PBXFileReference; lastKnownFileType = sourcecode.swift; path = Cache.swift; sourceTree = "<group>"; };
		EE733C7822C2A4F100C7B624 /* DataStore.swift */ = {isa = PBXFileReference; lastKnownFileType = sourcecode.swift; path = DataStore.swift; sourceTree = "<group>"; };
		EE733C7A22C2A59900C7B624 /* Array + safe.swift */ = {isa = PBXFileReference; lastKnownFileType = sourcecode.swift; path = "Array + safe.swift"; sourceTree = "<group>"; };
		EE733C7D22C2C0F200C7B624 /* DetailsRecipe.storyboard */ = {isa = PBXFileReference; lastKnownFileType = file.storyboard; path = DetailsRecipe.storyboard; sourceTree = "<group>"; };
		EE733C7F22C2C12E00C7B624 /* DetailsViewController.swift */ = {isa = PBXFileReference; lastKnownFileType = sourcecode.swift; path = DetailsViewController.swift; sourceTree = "<group>"; };
		EE733C8122C2C17100C7B624 /* Configurable.swift */ = {isa = PBXFileReference; lastKnownFileType = sourcecode.swift; path = Configurable.swift; sourceTree = "<group>"; };
		EE733C8322C2C43E00C7B624 /* StoryboardName.swift */ = {isa = PBXFileReference; lastKnownFileType = sourcecode.swift; path = StoryboardName.swift; sourceTree = "<group>"; };
		EE733C8522C2C9EB00C7B624 /* UIViewController + push.swift */ = {isa = PBXFileReference; lastKnownFileType = sourcecode.swift; path = "UIViewController + push.swift"; sourceTree = "<group>"; };
/* End PBXFileReference section */

/* Begin PBXFrameworksBuildPhase section */
		EE1BC28D22C23CF500DD8D5F /* Frameworks */ = {
			isa = PBXFrameworksBuildPhase;
			buildActionMask = 2147483647;
			files = (
				A23A22FE5AE3ADD66DF39D28 /* Pods_TestRecipes.framework in Frameworks */,
			);
			runOnlyForDeploymentPostprocessing = 0;
		};
		EE1BC2A122C23CF800DD8D5F /* Frameworks */ = {
			isa = PBXFrameworksBuildPhase;
			buildActionMask = 2147483647;
			files = (
				D1D402DD0D241CBF03AA1535 /* Pods_TestRecipesTests.framework in Frameworks */,
			);
			runOnlyForDeploymentPostprocessing = 0;
		};
/* End PBXFrameworksBuildPhase section */

/* Begin PBXGroup section */
		6021F54CF3B1B587B28EFF34 /* Pods */ = {
			isa = PBXGroup;
			children = (
				64E527A189F6FB044F8D55E4 /* Pods-TestRecipes.debug.xcconfig */,
				D8594A74CA19B1886EF84925 /* Pods-TestRecipes.release.xcconfig */,
				97AC6FBF3A4180DE46F09A61 /* Pods-TestRecipesTests.debug.xcconfig */,
				2CA72285038E3D378E524133 /* Pods-TestRecipesTests.release.xcconfig */,
			);
			path = Pods;
			sourceTree = "<group>";
		};
		DDC1807979A7F307CF698D4B /* Frameworks */ = {
			isa = PBXGroup;
			children = (
				1E8826389C850F6856F8B060 /* Pods_TestRecipes.framework */,
				E09107CB9E5D13A191F402F1 /* Pods_TestRecipesTests.framework */,
			);
			name = Frameworks;
			sourceTree = "<group>";
		};
		EE1BC28722C23CF500DD8D5F = {
			isa = PBXGroup;
			children = (
				EE1BC29222C23CF500DD8D5F /* TestRecipes */,
				EE1BC2A722C23CF800DD8D5F /* TestRecipesTests */,
				EE1BC29122C23CF500DD8D5F /* Products */,
				6021F54CF3B1B587B28EFF34 /* Pods */,
				DDC1807979A7F307CF698D4B /* Frameworks */,
			);
			sourceTree = "<group>";
		};
		EE1BC29122C23CF500DD8D5F /* Products */ = {
			isa = PBXGroup;
			children = (
				EE1BC29022C23CF500DD8D5F /* TestRecipes.app */,
				EE1BC2A422C23CF800DD8D5F /* TestRecipesTests.xctest */,
			);
			name = Products;
			sourceTree = "<group>";
		};
		EE1BC29222C23CF500DD8D5F /* TestRecipes */ = {
			isa = PBXGroup;
			children = (
				EE1BC2BD22C24FC800DD8D5F /* Scenes */,
				EE1BC2B622C23F6E00DD8D5F /* Service */,
				EE1BC2B322C23DCD00DD8D5F /* Model */,
				EE1BC2C722C2518200DD8D5F /* Helpers */,
				EE1BC29322C23CF500DD8D5F /* AppDelegate.swift */,
				EE1BC29A22C23CF700DD8D5F /* Assets.xcassets */,
				EE1BC29C22C23CF700DD8D5F /* LaunchScreen.storyboard */,
				EE1BC29F22C23CF700DD8D5F /* Info.plist */,
			);
			path = TestRecipes;
			sourceTree = "<group>";
		};
		EE1BC2A722C23CF800DD8D5F /* TestRecipesTests */ = {
			isa = PBXGroup;
			children = (
				EE1BC2A822C23CF800DD8D5F /* TestRecipesTests.swift */,
				EE1BC2AA22C23CF800DD8D5F /* Info.plist */,
			);
			path = TestRecipesTests;
			sourceTree = "<group>";
		};
		EE1BC2B322C23DCD00DD8D5F /* Model */ = {
			isa = PBXGroup;
			children = (
				EE1BC2B422C23DF400DD8D5F /* Recipe.swift */,
			);
			path = Model;
			sourceTree = "<group>";
		};
		EE1BC2B622C23F6E00DD8D5F /* Service */ = {
			isa = PBXGroup;
			children = (
				EE1BC2B722C23F7D00DD8D5F /* NetworkService.swift */,
				EE1BC2B922C23FB600DD8D5F /* Router.swift */,
				EE1BC2BB22C241B000DD8D5F /* RecipesApi.swift */,
				EE733C7622C26FF500C7B624 /* Cache.swift */,
				EE733C7822C2A4F100C7B624 /* DataStore.swift */,
			);
			path = Service;
			sourceTree = "<group>";
		};
		EE1BC2BD22C24FC800DD8D5F /* Scenes */ = {
			isa = PBXGroup;
			children = (
				EE733C7C22C2C0CC00C7B624 /* DetailsRecipe */,
				EE1BC2BE22C24FD500DD8D5F /* ListRecipes */,
				EE1BC2CE22C2589300DD8D5F /* Main.swift */,
				EE1BC2D222C2594800DD8D5F /* ViewControllers.swift */,
			);
			path = Scenes;
			sourceTree = "<group>";
		};
		EE1BC2BE22C24FD500DD8D5F /* ListRecipes */ = {
			isa = PBXGroup;
			children = (
				EE1BC29522C23CF500DD8D5F /* ListRecipesViewController.swift */,
				EE1BC2D422C25A4700DD8D5F /* ListRecipes.storyboard */,
				EE1BC2D822C25BF100DD8D5F /* RecipeCollectionViewCell.swift */,
				EE1BC2D922C25BF100DD8D5F /* RecipeCollectionViewCell.xib */,
			);
			path = ListRecipes;
			sourceTree = "<group>";
		};
		EE1BC2C722C2518200DD8D5F /* Helpers */ = {
			isa = PBXGroup;
			children = (
				EE1BC2D022C258F000DD8D5F /* GlobalVariables.swift */,
				EE733C7A22C2A59900C7B624 /* Array + safe.swift */,
				EE733C8122C2C17100C7B624 /* Configurable.swift */,
				EE733C8322C2C43E00C7B624 /* StoryboardName.swift */,
				EE733C8522C2C9EB00C7B624 /* UIViewController + push.swift */,
			);
			path = Helpers;
			sourceTree = "<group>";
		};
		EE733C7C22C2C0CC00C7B624 /* DetailsRecipe */ = {
			isa = PBXGroup;
			children = (
				EE733C7D22C2C0F200C7B624 /* DetailsRecipe.storyboard */,
				EE733C7F22C2C12E00C7B624 /* DetailsViewController.swift */,
			);
			path = DetailsRecipe;
			sourceTree = "<group>";
		};
/* End PBXGroup section */

/* Begin PBXNativeTarget section */
		EE1BC28F22C23CF500DD8D5F /* TestRecipes */ = {
			isa = PBXNativeTarget;
			buildConfigurationList = EE1BC2AD22C23CF800DD8D5F /* Build configuration list for PBXNativeTarget "TestRecipes" */;
			buildPhases = (
				A0D8B36217D1427EA9E6E2E0 /* [CP] Check Pods Manifest.lock */,
				EE1BC28C22C23CF500DD8D5F /* Sources */,
				EE1BC28D22C23CF500DD8D5F /* Frameworks */,
				EE1BC28E22C23CF500DD8D5F /* Resources */,
				94CAFCCBDC3D1768036FD97D /* [CP] Embed Pods Frameworks */,
			);
			buildRules = (
			);
			dependencies = (
			);
			name = TestRecipes;
			productName = TestRecipes;
			productReference = EE1BC29022C23CF500DD8D5F /* TestRecipes.app */;
			productType = "com.apple.product-type.application";
		};
		EE1BC2A322C23CF800DD8D5F /* TestRecipesTests */ = {
			isa = PBXNativeTarget;
			buildConfigurationList = EE1BC2B022C23CF800DD8D5F /* Build configuration list for PBXNativeTarget "TestRecipesTests" */;
			buildPhases = (
				DE3866FFD795711AE49882AD /* [CP] Check Pods Manifest.lock */,
				EE1BC2A022C23CF800DD8D5F /* Sources */,
				EE1BC2A122C23CF800DD8D5F /* Frameworks */,
				EE1BC2A222C23CF800DD8D5F /* Resources */,
			);
			buildRules = (
			);
			dependencies = (
				EE1BC2A622C23CF800DD8D5F /* PBXTargetDependency */,
			);
			name = TestRecipesTests;
			productName = TestRecipesTests;
			productReference = EE1BC2A422C23CF800DD8D5F /* TestRecipesTests.xctest */;
			productType = "com.apple.product-type.bundle.unit-test";
		};
/* End PBXNativeTarget section */

/* Begin PBXProject section */
		EE1BC28822C23CF500DD8D5F /* Project object */ = {
			isa = PBXProject;
			attributes = {
				LastSwiftUpdateCheck = 1020;
				LastUpgradeCheck = 1020;
				ORGANIZATIONNAME = "Tymofii Hazhyi";
				TargetAttributes = {
					EE1BC28F22C23CF500DD8D5F = {
						CreatedOnToolsVersion = 10.2.1;
					};
					EE1BC2A322C23CF800DD8D5F = {
						CreatedOnToolsVersion = 10.2.1;
						TestTargetID = EE1BC28F22C23CF500DD8D5F;
					};
				};
			};
			buildConfigurationList = EE1BC28B22C23CF500DD8D5F /* Build configuration list for PBXProject "TestRecipes" */;
			compatibilityVersion = "Xcode 9.3";
			developmentRegion = en;
			hasScannedForEncodings = 0;
			knownRegions = (
				en,
				Base,
			);
			mainGroup = EE1BC28722C23CF500DD8D5F;
			productRefGroup = EE1BC29122C23CF500DD8D5F /* Products */;
			projectDirPath = "";
			projectRoot = "";
			targets = (
				EE1BC28F22C23CF500DD8D5F /* TestRecipes */,
				EE1BC2A322C23CF800DD8D5F /* TestRecipesTests */,
			);
		};
/* End PBXProject section */

/* Begin PBXResourcesBuildPhase section */
		EE1BC28E22C23CF500DD8D5F /* Resources */ = {
			isa = PBXResourcesBuildPhase;
			buildActionMask = 2147483647;
			files = (
				EE733C7E22C2C0F200C7B624 /* DetailsRecipe.storyboard in Resources */,
				EE1BC2DB22C25BF100DD8D5F /* RecipeCollectionViewCell.xib in Resources */,
				EE1BC29E22C23CF700DD8D5F /* LaunchScreen.storyboard in Resources */,
				EE1BC29B22C23CF700DD8D5F /* Assets.xcassets in Resources */,
				EE1BC2D522C25A4700DD8D5F /* ListRecipes.storyboard in Resources */,
			);
			runOnlyForDeploymentPostprocessing = 0;
		};
		EE1BC2A222C23CF800DD8D5F /* Resources */ = {
			isa = PBXResourcesBuildPhase;
			buildActionMask = 2147483647;
			files = (
			);
			runOnlyForDeploymentPostprocessing = 0;
		};
/* End PBXResourcesBuildPhase section */

/* Begin PBXShellScriptBuildPhase section */
		94CAFCCBDC3D1768036FD97D /* [CP] Embed Pods Frameworks */ = {
			isa = PBXShellScriptBuildPhase;
			buildActionMask = 2147483647;
			files = (
			);
			inputFileListPaths = (
				"${PODS_ROOT}/Target Support Files/Pods-TestRecipes/Pods-TestRecipes-frameworks-${CONFIGURATION}-input-files.xcfilelist",
			);
			name = "[CP] Embed Pods Frameworks";
			outputFileListPaths = (
				"${PODS_ROOT}/Target Support Files/Pods-TestRecipes/Pods-TestRecipes-frameworks-${CONFIGURATION}-output-files.xcfilelist",
			);
			runOnlyForDeploymentPostprocessing = 0;
			shellPath = /bin/sh;
			shellScript = "\"${PODS_ROOT}/Target Support Files/Pods-TestRecipes/Pods-TestRecipes-frameworks.sh\"\n";
			showEnvVarsInLog = 0;
		};
		A0D8B36217D1427EA9E6E2E0 /* [CP] Check Pods Manifest.lock */ = {
			isa = PBXShellScriptBuildPhase;
			buildActionMask = 2147483647;
			files = (
			);
			inputFileListPaths = (
			);
			inputPaths = (
				"${PODS_PODFILE_DIR_PATH}/Podfile.lock",
				"${PODS_ROOT}/Manifest.lock",
			);
			name = "[CP] Check Pods Manifest.lock";
			outputFileListPaths = (
			);
			outputPaths = (
				"$(DERIVED_FILE_DIR)/Pods-TestRecipes-checkManifestLockResult.txt",
			);
			runOnlyForDeploymentPostprocessing = 0;
			shellPath = /bin/sh;
			shellScript = "diff \"${PODS_PODFILE_DIR_PATH}/Podfile.lock\" \"${PODS_ROOT}/Manifest.lock\" > /dev/null\nif [ $? != 0 ] ; then\n    # print error to STDERR\n    echo \"error: The sandbox is not in sync with the Podfile.lock. Run 'pod install' or update your CocoaPods installation.\" >&2\n    exit 1\nfi\n# This output is used by Xcode 'outputs' to avoid re-running this script phase.\necho \"SUCCESS\" > \"${SCRIPT_OUTPUT_FILE_0}\"\n";
			showEnvVarsInLog = 0;
		};
		DE3866FFD795711AE49882AD /* [CP] Check Pods Manifest.lock */ = {
			isa = PBXShellScriptBuildPhase;
			buildActionMask = 2147483647;
			files = (
			);
			inputFileListPaths = (
			);
			inputPaths = (
				"${PODS_PODFILE_DIR_PATH}/Podfile.lock",
				"${PODS_ROOT}/Manifest.lock",
			);
			name = "[CP] Check Pods Manifest.lock";
			outputFileListPaths = (
			);
			outputPaths = (
				"$(DERIVED_FILE_DIR)/Pods-TestRecipesTests-checkManifestLockResult.txt",
			);
			runOnlyForDeploymentPostprocessing = 0;
			shellPath = /bin/sh;
			shellScript = "diff \"${PODS_PODFILE_DIR_PATH}/Podfile.lock\" \"${PODS_ROOT}/Manifest.lock\" > /dev/null\nif [ $? != 0 ] ; then\n    # print error to STDERR\n    echo \"error: The sandbox is not in sync with the Podfile.lock. Run 'pod install' or update your CocoaPods installation.\" >&2\n    exit 1\nfi\n# This output is used by Xcode 'outputs' to avoid re-running this script phase.\necho \"SUCCESS\" > \"${SCRIPT_OUTPUT_FILE_0}\"\n";
			showEnvVarsInLog = 0;
		};
/* End PBXShellScriptBuildPhase section */

/* Begin PBXSourcesBuildPhase section */
		EE1BC28C22C23CF500DD8D5F /* Sources */ = {
			isa = PBXSourcesBuildPhase;
			buildActionMask = 2147483647;
			files = (
				EE733C8222C2C17100C7B624 /* Configurable.swift in Sources */,
				EE1BC2B522C23DF400DD8D5F /* Recipe.swift in Sources */,
				EE733C7922C2A4F100C7B624 /* DataStore.swift in Sources */,
				EE1BC29622C23CF500DD8D5F /* ListRecipesViewController.swift in Sources */,
				EE1BC2D322C2594800DD8D5F /* ViewControllers.swift in Sources */,
				EE1BC2CF22C2589300DD8D5F /* Main.swift in Sources */,
				EE733C7722C26FF500C7B624 /* Cache.swift in Sources */,
				EE1BC2DA22C25BF100DD8D5F /* RecipeCollectionViewCell.swift in Sources */,
				EE733C8622C2C9EB00C7B624 /* UIViewController + push.swift in Sources */,
				EE1BC2D122C258F000DD8D5F /* GlobalVariables.swift in Sources */,
				EE733C8422C2C43E00C7B624 /* StoryboardName.swift in Sources */,
				EE1BC2BC22C241B000DD8D5F /* RecipesApi.swift in Sources */,
				EE733C7B22C2A59900C7B624 /* Array + safe.swift in Sources */,
				EE1BC2BA22C23FB600DD8D5F /* Router.swift in Sources */,
				EE733C8022C2C12E00C7B624 /* DetailsViewController.swift in Sources */,
				EE1BC2B822C23F7D00DD8D5F /* NetworkService.swift in Sources */,
				EE1BC29422C23CF500DD8D5F /* AppDelegate.swift in Sources */,
			);
			runOnlyForDeploymentPostprocessing = 0;
		};
		EE1BC2A022C23CF800DD8D5F /* Sources */ = {
			isa = PBXSourcesBuildPhase;
			buildActionMask = 2147483647;
			files = (
				EE1BC2A922C23CF800DD8D5F /* TestRecipesTests.swift in Sources */,
			);
			runOnlyForDeploymentPostprocessing = 0;
		};
/* End PBXSourcesBuildPhase section */

/* Begin PBXTargetDependency section */
		EE1BC2A622C23CF800DD8D5F /* PBXTargetDependency */ = {
			isa = PBXTargetDependency;
			target = EE1BC28F22C23CF500DD8D5F /* TestRecipes */;
			targetProxy = EE1BC2A522C23CF800DD8D5F /* PBXContainerItemProxy */;
		};
/* End PBXTargetDependency section */

/* Begin PBXVariantGroup section */
		EE1BC29C22C23CF700DD8D5F /* LaunchScreen.storyboard */ = {
			isa = PBXVariantGroup;
			children = (
				EE1BC29D22C23CF700DD8D5F /* Base */,
			);
			name = LaunchScreen.storyboard;
			sourceTree = "<group>";
		};
/* End PBXVariantGroup section */

/* Begin XCBuildConfiguration section */
		EE1BC2AB22C23CF800DD8D5F /* Debug */ = {
			isa = XCBuildConfiguration;
			buildSettings = {
				ALWAYS_SEARCH_USER_PATHS = NO;
				CLANG_ANALYZER_NONNULL = YES;
				CLANG_ANALYZER_NUMBER_OBJECT_CONVERSION = YES_AGGRESSIVE;
				CLANG_CXX_LANGUAGE_STANDARD = "gnu++14";
				CLANG_CXX_LIBRARY = "libc++";
				CLANG_ENABLE_MODULES = YES;
				CLANG_ENABLE_OBJC_ARC = YES;
				CLANG_ENABLE_OBJC_WEAK = YES;
				CLANG_WARN_BLOCK_CAPTURE_AUTORELEASING = YES;
				CLANG_WARN_BOOL_CONVERSION = YES;
				CLANG_WARN_COMMA = YES;
				CLANG_WARN_CONSTANT_CONVERSION = YES;
				CLANG_WARN_DEPRECATED_OBJC_IMPLEMENTATIONS = YES;
				CLANG_WARN_DIRECT_OBJC_ISA_USAGE = YES_ERROR;
				CLANG_WARN_DOCUMENTATION_COMMENTS = YES;
				CLANG_WARN_EMPTY_BODY = YES;
				CLANG_WARN_ENUM_CONVERSION = YES;
				CLANG_WARN_INFINITE_RECURSION = YES;
				CLANG_WARN_INT_CONVERSION = YES;
				CLANG_WARN_NON_LITERAL_NULL_CONVERSION = YES;
				CLANG_WARN_OBJC_IMPLICIT_RETAIN_SELF = YES;
				CLANG_WARN_OBJC_LITERAL_CONVERSION = YES;
				CLANG_WARN_OBJC_ROOT_CLASS = YES_ERROR;
				CLANG_WARN_RANGE_LOOP_ANALYSIS = YES;
				CLANG_WARN_STRICT_PROTOTYPES = YES;
				CLANG_WARN_SUSPICIOUS_MOVE = YES;
				CLANG_WARN_UNGUARDED_AVAILABILITY = YES_AGGRESSIVE;
				CLANG_WARN_UNREACHABLE_CODE = YES;
				CLANG_WARN__DUPLICATE_METHOD_MATCH = YES;
				CODE_SIGN_IDENTITY = "iPhone Developer";
				COPY_PHASE_STRIP = NO;
				DEBUG_INFORMATION_FORMAT = dwarf;
				ENABLE_STRICT_OBJC_MSGSEND = YES;
				ENABLE_TESTABILITY = YES;
				GCC_C_LANGUAGE_STANDARD = gnu11;
				GCC_DYNAMIC_NO_PIC = NO;
				GCC_NO_COMMON_BLOCKS = YES;
				GCC_OPTIMIZATION_LEVEL = 0;
				GCC_PREPROCESSOR_DEFINITIONS = (
					"DEBUG=1",
					"$(inherited)",
				);
				GCC_WARN_64_TO_32_BIT_CONVERSION = YES;
				GCC_WARN_ABOUT_RETURN_TYPE = YES_ERROR;
				GCC_WARN_UNDECLARED_SELECTOR = YES;
				GCC_WARN_UNINITIALIZED_AUTOS = YES_AGGRESSIVE;
				GCC_WARN_UNUSED_FUNCTION = YES;
				GCC_WARN_UNUSED_VARIABLE = YES;
				IPHONEOS_DEPLOYMENT_TARGET = 12.2;
				MTL_ENABLE_DEBUG_INFO = INCLUDE_SOURCE;
				MTL_FAST_MATH = YES;
				ONLY_ACTIVE_ARCH = YES;
				SDKROOT = iphoneos;
				SWIFT_ACTIVE_COMPILATION_CONDITIONS = DEBUG;
				SWIFT_OPTIMIZATION_LEVEL = "-Onone";
			};
			name = Debug;
		};
		EE1BC2AC22C23CF800DD8D5F /* Release */ = {
			isa = XCBuildConfiguration;
			buildSettings = {
				ALWAYS_SEARCH_USER_PATHS = NO;
				CLANG_ANALYZER_NONNULL = YES;
				CLANG_ANALYZER_NUMBER_OBJECT_CONVERSION = YES_AGGRESSIVE;
				CLANG_CXX_LANGUAGE_STANDARD = "gnu++14";
				CLANG_CXX_LIBRARY = "libc++";
				CLANG_ENABLE_MODULES = YES;
				CLANG_ENABLE_OBJC_ARC = YES;
				CLANG_ENABLE_OBJC_WEAK = YES;
				CLANG_WARN_BLOCK_CAPTURE_AUTORELEASING = YES;
				CLANG_WARN_BOOL_CONVERSION = YES;
				CLANG_WARN_COMMA = YES;
				CLANG_WARN_CONSTANT_CONVERSION = YES;
				CLANG_WARN_DEPRECATED_OBJC_IMPLEMENTATIONS = YES;
				CLANG_WARN_DIRECT_OBJC_ISA_USAGE = YES_ERROR;
				CLANG_WARN_DOCUMENTATION_COMMENTS = YES;
				CLANG_WARN_EMPTY_BODY = YES;
				CLANG_WARN_ENUM_CONVERSION = YES;
				CLANG_WARN_INFINITE_RECURSION = YES;
				CLANG_WARN_INT_CONVERSION = YES;
				CLANG_WARN_NON_LITERAL_NULL_CONVERSION = YES;
				CLANG_WARN_OBJC_IMPLICIT_RETAIN_SELF = YES;
				CLANG_WARN_OBJC_LITERAL_CONVERSION = YES;
				CLANG_WARN_OBJC_ROOT_CLASS = YES_ERROR;
				CLANG_WARN_RANGE_LOOP_ANALYSIS = YES;
				CLANG_WARN_STRICT_PROTOTYPES = YES;
				CLANG_WARN_SUSPICIOUS_MOVE = YES;
				CLANG_WARN_UNGUARDED_AVAILABILITY = YES_AGGRESSIVE;
				CLANG_WARN_UNREACHABLE_CODE = YES;
				CLANG_WARN__DUPLICATE_METHOD_MATCH = YES;
				CODE_SIGN_IDENTITY = "iPhone Developer";
				COPY_PHASE_STRIP = NO;
				DEBUG_INFORMATION_FORMAT = "dwarf-with-dsym";
				ENABLE_NS_ASSERTIONS = NO;
				ENABLE_STRICT_OBJC_MSGSEND = YES;
				GCC_C_LANGUAGE_STANDARD = gnu11;
				GCC_NO_COMMON_BLOCKS = YES;
				GCC_WARN_64_TO_32_BIT_CONVERSION = YES;
				GCC_WARN_ABOUT_RETURN_TYPE = YES_ERROR;
				GCC_WARN_UNDECLARED_SELECTOR = YES;
				GCC_WARN_UNINITIALIZED_AUTOS = YES_AGGRESSIVE;
				GCC_WARN_UNUSED_FUNCTION = YES;
				GCC_WARN_UNUSED_VARIABLE = YES;
				IPHONEOS_DEPLOYMENT_TARGET = 12.2;
				MTL_ENABLE_DEBUG_INFO = NO;
				MTL_FAST_MATH = YES;
				SDKROOT = iphoneos;
				SWIFT_COMPILATION_MODE = wholemodule;
				SWIFT_OPTIMIZATION_LEVEL = "-O";
				VALIDATE_PRODUCT = YES;
			};
			name = Release;
		};
		EE1BC2AE22C23CF800DD8D5F /* Debug */ = {
			isa = XCBuildConfiguration;
			baseConfigurationReference = 64E527A189F6FB044F8D55E4 /* Pods-TestRecipes.debug.xcconfig */;
			buildSettings = {
				ASSETCATALOG_COMPILER_APPICON_NAME = AppIcon;
				CODE_SIGN_STYLE = Automatic;
				DEVELOPMENT_TEAM = MTLL4AFL9Z;
				INFOPLIST_FILE = TestRecipes/Info.plist;
				LD_RUNPATH_SEARCH_PATHS = (
					"$(inherited)",
					"@executable_path/Frameworks",
				);
				PRODUCT_BUNDLE_IDENTIFIER = com.timh.TestRecipes;
				PRODUCT_NAME = "$(TARGET_NAME)";
				SWIFT_VERSION = 5.0;
				TARGETED_DEVICE_FAMILY = "1,2";
			};
			name = Debug;
		};
		EE1BC2AF22C23CF800DD8D5F /* Release */ = {
			isa = XCBuildConfiguration;
			baseConfigurationReference = D8594A74CA19B1886EF84925 /* Pods-TestRecipes.release.xcconfig */;
			buildSettings = {
				ASSETCATALOG_COMPILER_APPICON_NAME = AppIcon;
				CODE_SIGN_STYLE = Automatic;
				DEVELOPMENT_TEAM = MTLL4AFL9Z;
				INFOPLIST_FILE = TestRecipes/Info.plist;
				LD_RUNPATH_SEARCH_PATHS = (
					"$(inherited)",
					"@executable_path/Frameworks",
				);
				PRODUCT_BUNDLE_IDENTIFIER = com.timh.TestRecipes;
				PRODUCT_NAME = "$(TARGET_NAME)";
				SWIFT_VERSION = 5.0;
				TARGETED_DEVICE_FAMILY = "1,2";
			};
			name = Release;
		};
		EE1BC2B122C23CF800DD8D5F /* Debug */ = {
			isa = XCBuildConfiguration;
			baseConfigurationReference = 97AC6FBF3A4180DE46F09A61 /* Pods-TestRecipesTests.debug.xcconfig */;
			buildSettings = {
				ALWAYS_EMBED_SWIFT_STANDARD_LIBRARIES = YES;
				BUNDLE_LOADER = "$(TEST_HOST)";
				CODE_SIGN_STYLE = Automatic;
				DEVELOPMENT_TEAM = MTLL4AFL9Z;
				INFOPLIST_FILE = TestRecipesTests/Info.plist;
				LD_RUNPATH_SEARCH_PATHS = (
					"$(inherited)",
					"@executable_path/Frameworks",
					"@loader_path/Frameworks",
				);
				PRODUCT_BUNDLE_IDENTIFIER = com.timh.TestRecipesTests;
				PRODUCT_NAME = "$(TARGET_NAME)";
				SWIFT_VERSION = 5.0;
				TARGETED_DEVICE_FAMILY = "1,2";
				TEST_HOST = "$(BUILT_PRODUCTS_DIR)/TestRecipes.app/TestRecipes";
			};
			name = Debug;
		};
		EE1BC2B222C23CF800DD8D5F /* Release */ = {
			isa = XCBuildConfiguration;
			baseConfigurationReference = 2CA72285038E3D378E524133 /* Pods-TestRecipesTests.release.xcconfig */;
			buildSettings = {
				ALWAYS_EMBED_SWIFT_STANDARD_LIBRARIES = YES;
				BUNDLE_LOADER = "$(TEST_HOST)";
				CODE_SIGN_STYLE = Automatic;
				DEVELOPMENT_TEAM = MTLL4AFL9Z;
				INFOPLIST_FILE = TestRecipesTests/Info.plist;
				LD_RUNPATH_SEARCH_PATHS = (
					"$(inherited)",
					"@executable_path/Frameworks",
					"@loader_path/Frameworks",
				);
				PRODUCT_BUNDLE_IDENTIFIER = com.timh.TestRecipesTests;
				PRODUCT_NAME = "$(TARGET_NAME)";
				SWIFT_VERSION = 5.0;
				TARGETED_DEVICE_FAMILY = "1,2";
				TEST_HOST = "$(BUILT_PRODUCTS_DIR)/TestRecipes.app/TestRecipes";
			};
			name = Release;
		};
/* End XCBuildConfiguration section */

/* Begin XCConfigurationList section */
		EE1BC28B22C23CF500DD8D5F /* Build configuration list for PBXProject "TestRecipes" */ = {
			isa = XCConfigurationList;
			buildConfigurations = (
				EE1BC2AB22C23CF800DD8D5F /* Debug */,
				EE1BC2AC22C23CF800DD8D5F /* Release */,
			);
			defaultConfigurationIsVisible = 0;
			defaultConfigurationName = Release;
		};
		EE1BC2AD22C23CF800DD8D5F /* Build configuration list for PBXNativeTarget "TestRecipes" */ = {
			isa = XCConfigurationList;
			buildConfigurations = (
				EE1BC2AE22C23CF800DD8D5F /* Debug */,
				EE1BC2AF22C23CF800DD8D5F /* Release */,
			);
			defaultConfigurationIsVisible = 0;
			defaultConfigurationName = Release;
		};
		EE1BC2B022C23CF800DD8D5F /* Build configuration list for PBXNativeTarget "TestRecipesTests" */ = {
			isa = XCConfigurationList;
			buildConfigurations = (
				EE1BC2B122C23CF800DD8D5F /* Debug */,
				EE1BC2B222C23CF800DD8D5F /* Release */,
			);
			defaultConfigurationIsVisible = 0;
			defaultConfigurationName = Release;
		};
/* End XCConfigurationList section */
	};
	rootObject = EE1BC28822C23CF500DD8D5F /* Project object */;
}
